
Microsoft Visual Studio Solution File, Format Version 12.00
# Visual Studio Version 17
VisualStudioVersion = 17.3.32922.545
MinimumVisualStudioVersion = 10.0.40219.1
Project("{9A19103F-16F7-4668-BE54-9A1E7A4F7556}") = "PgSqlMigrator_Core", "PgSqlMigrator_Core\PgSqlMigrator_Core.csproj", "{9566D0B9-428E-420D-A147-475D13540689}"
EndProject
Project("{FAE04EC0-301F-11D3-BF4B-00C04F79EFBC}") = "PgSqlMigrator_Library", "PgSqlMigrator_Library\PgSqlMigrator_Library.csproj", "{FA52A54D-A35D-48BB-A1FA-A6CC101D37CA}"
EndProject
Project("{FAE04EC0-301F-11D3-BF4B-00C04F79EFBC}") = "PgSqlMigrator_Configurator", "PgSqlMigrator_Configurator\PgSqlMigrator_Configurator.csproj", "{2CE760B9-4BEA-46A3-ACA0-0264B254F503}"
EndProject
Global
	GlobalSection(SolutionConfigurationPlatforms) = preSolution
		Debug|Any CPU = Debug|Any CPU
		Release|Any CPU = Release|Any CPU
	EndGlobalSection
	GlobalSection(ProjectConfigurationPlatforms) = postSolution
		{9566D0B9-428E-420D-A147-475D13540689}.Debug|Any CPU.ActiveCfg = Debug|Any CPU
		{9566D0B9-428E-420D-A147-475D13540689}.Debug|Any CPU.Build.0 = Debug|Any CPU
		{9566D0B9-428E-420D-A147-475D13540689}.Release|Any CPU.ActiveCfg = Release|Any CPU
		{9566D0B9-428E-420D-A147-475D13540689}.Release|Any CPU.Build.0 = Release|Any CPU
		{FA52A54D-A35D-48BB-A1FA-A6CC101D37CA}.Debug|Any CPU.ActiveCfg = Debug|Any CPU
		{FA52A54D-A35D-48BB-A1FA-A6CC101D37CA}.Debug|Any CPU.Build.0 = Debug|Any CPU
		{FA52A54D-A35D-48BB-A1FA-A6CC101D37CA}.Release|Any CPU.ActiveCfg = Release|Any CPU
		{FA52A54D-A35D-48BB-A1FA-A6CC101D37CA}.Release|Any CPU.Build.0 = Release|Any CPU
		{2CE760B9-4BEA-46A3-ACA0-0264B254F503}.Debug|Any CPU.ActiveCfg = Debug|Any CPU
		{2CE760B9-4BEA-46A3-ACA0-0264B254F503}.Debug|Any CPU.Build.0 = Debug|Any CPU
		{2CE760B9-4BEA-46A3-ACA0-0264B254F503}.Release|Any CPU.ActiveCfg = Release|Any CPU
		{2CE760B9-4BEA-46A3-ACA0-0264B254F503}.Release|Any CPU.Build.0 = Release|Any CPU
	EndGlobalSection
	GlobalSection(SolutionProperties) = preSolution
		HideSolutionNode = FALSE
	EndGlobalSection
	GlobalSection(ExtensibilityGlobals) = postSolution
		SolutionGuid = {F048E452-B393-4D37-8865-A2759C878C6F}
	EndGlobalSection
EndGlobal
